// !$*UTF8*$!
{
	archiveVersion = 1;
	classes = {
	};
	objectVersion = 56;
	objects = {

/* Begin PBXBuildFile section */
		14374F162C4097140004C6EB /* CustomButtonStyle.swift in Sources */ = {isa = PBXBuildFile; fileRef = 14374F152C4097140004C6EB /* CustomButtonStyle.swift */; };
		144736492C403DE700081DE4 /* TechnicalTestApp.swift in Sources */ = {isa = PBXBuildFile; fileRef = 144736482C403DE700081DE4 /* TechnicalTestApp.swift */; };
		1447364B2C403DE700081DE4 /* ContentView.swift in Sources */ = {isa = PBXBuildFile; fileRef = 1447364A2C403DE700081DE4 /* ContentView.swift */; };
		1447364D2C403DE900081DE4 /* Assets.xcassets in Resources */ = {isa = PBXBuildFile; fileRef = 1447364C2C403DE900081DE4 /* Assets.xcassets */; };
		144736502C403DE900081DE4 /* Preview Assets.xcassets in Resources */ = {isa = PBXBuildFile; fileRef = 1447364F2C403DE900081DE4 /* Preview Assets.xcassets */; };
		144736572C403E0300081DE4 /* ProductModel.swift in Sources */ = {isa = PBXBuildFile; fileRef = 144736562C403E0300081DE4 /* ProductModel.swift */; };
		144736592C403E3600081DE4 /* APIService.swift in Sources */ = {isa = PBXBuildFile; fileRef = 144736582C403E3600081DE4 /* APIService.swift */; };
		1447365B2C403E5600081DE4 /* ProductsViewModel.swift in Sources */ = {isa = PBXBuildFile; fileRef = 1447365A2C403E5600081DE4 /* ProductsViewModel.swift */; };
		1447365D2C403E6E00081DE4 /* ProductsListView.swift in Sources */ = {isa = PBXBuildFile; fileRef = 1447365C2C403E6E00081DE4 /* ProductsListView.swift */; };
		1447365F2C403E8E00081DE4 /* ProductCardView.swift in Sources */ = {isa = PBXBuildFile; fileRef = 1447365E2C403E8E00081DE4 /* ProductCardView.swift */; };
		144736612C403EBC00081DE4 /* ProductDetailView.swift in Sources */ = {isa = PBXBuildFile; fileRef = 144736602C403EBC00081DE4 /* ProductDetailView.swift */; };
/* End PBXBuildFile section */

/* Begin PBXFileReference section */
		14374F152C4097140004C6EB /* CustomButtonStyle.swift */ = {isa = PBXFileReference; lastKnownFileType = sourcecode.swift; path = CustomButtonStyle.swift; sourceTree = "<group>"; };
		144736452C403DE700081DE4 /* TechnicalTest.app */ = {isa = PBXFileReference; explicitFileType = wrapper.application; includeInIndex = 0; path = TechnicalTest.app; sourceTree = BUILT_PRODUCTS_DIR; };
		144736482C403DE700081DE4 /* TechnicalTestApp.swift */ = {isa = PBXFileReference; lastKnownFileType = sourcecode.swift; path = TechnicalTestApp.swift; sourceTree = "<group>"; };
		1447364A2C403DE700081DE4 /* ContentView.swift */ = {isa = PBXFileReference; lastKnownFileType = sourcecode.swift; path = ContentView.swift; sourceTree = "<group>"; };
		1447364C2C403DE900081DE4 /* Assets.xcassets */ = {isa = PBXFileReference; lastKnownFileType = folder.assetcatalog; path = Assets.xcassets; sourceTree = "<group>"; };
		1447364F2C403DE900081DE4 /* Preview Assets.xcassets */ = {isa = PBXFileReference; lastKnownFileType = folder.assetcatalog; path = "Preview Assets.xcassets"; sourceTree = "<group>"; };
		144736562C403E0300081DE4 /* ProductModel.swift */ = {isa = PBXFileReference; lastKnownFileType = sourcecode.swift; path = ProductModel.swift; sourceTree = "<group>"; };
		144736582C403E3600081DE4 /* APIService.swift */ = {isa = PBXFileReference; lastKnownFileType = sourcecode.swift; path = APIService.swift; sourceTree = "<group>"; };
		1447365A2C403E5600081DE4 /* ProductsViewModel.swift */ = {isa = PBXFileReference; lastKnownFileType = sourcecode.swift; path = ProductsViewModel.swift; sourceTree = "<group>"; };
		1447365C2C403E6E00081DE4 /* ProductsListView.swift */ = {isa = PBXFileReference; lastKnownFileType = sourcecode.swift; path = ProductsListView.swift; sourceTree = "<group>"; };
		1447365E2C403E8E00081DE4 /* ProductCardView.swift */ = {isa = PBXFileReference; lastKnownFileType = sourcecode.swift; path = ProductCardView.swift; sourceTree = "<group>"; };
		144736602C403EBC00081DE4 /* ProductDetailView.swift */ = {isa = PBXFileReference; lastKnownFileType = sourcecode.swift; path = ProductDetailView.swift; sourceTree = "<group>"; };
		144736622C403F6800081DE4 /* Info.plist */ = {isa = PBXFileReference; lastKnownFileType = text.plist; path = Info.plist; sourceTree = "<group>"; };
/* End PBXFileReference section */

/* Begin PBXFrameworksBuildPhase section */
		144736422C403DE700081DE4 /* Frameworks */ = {
			isa = PBXFrameworksBuildPhase;
			buildActionMask = 2147483647;
			files = (
			);
			runOnlyForDeploymentPostprocessing = 0;
		};
/* End PBXFrameworksBuildPhase section */

/* Begin PBXGroup section */
		14374F132C4092480004C6EB /* API */ = {
			isa = PBXGroup;
			children = (
				144736582C403E3600081DE4 /* APIService.swift */,
			);
			path = API;
			sourceTree = "<group>";
		};
		14374F142C4096E90004C6EB /* CustomComponents */ = {
			isa = PBXGroup;
			children = (
				14374F152C4097140004C6EB /* CustomButtonStyle.swift */,
			);
			path = CustomComponents;
			sourceTree = "<group>";
		};
		1447363C2C403DE700081DE4 = {
			isa = PBXGroup;
			children = (
				144736472C403DE700081DE4 /* TechnicalTest */,
				144736462C403DE700081DE4 /* Products */,
			);
			sourceTree = "<group>";
		};
		144736462C403DE700081DE4 /* Products */ = {
			isa = PBXGroup;
			children = (
				144736452C403DE700081DE4 /* TechnicalTest.app */,
			);
			name = Products;
			sourceTree = "<group>";
		};
		144736472C403DE700081DE4 /* TechnicalTest */ = {
			isa = PBXGroup;
			children = (
				14374F142C4096E90004C6EB /* CustomComponents */,
				14374F132C4092480004C6EB /* API */,
				14CD56BA2C406D7800666A36 /* Model */,
				14CD56BC2C406EF900666A36 /* View */,
				14CD56BB2C406D8300666A36 /* ViewModel */,
				144736622C403F6800081DE4 /* Info.plist */,
				144736482C403DE700081DE4 /* TechnicalTestApp.swift */,
				1447364A2C403DE700081DE4 /* ContentView.swift */,
				1447364C2C403DE900081DE4 /* Assets.xcassets */,
				1447364E2C403DE900081DE4 /* Preview Content */,
			);
			path = TechnicalTest;
			sourceTree = "<group>";
		};
		1447364E2C403DE900081DE4 /* Preview Content */ = {
			isa = PBXGroup;
			children = (
				1447364F2C403DE900081DE4 /* Preview Assets.xcassets */,
			);
			path = "Preview Content";
			sourceTree = "<group>";
		};
		14CD56BA2C406D7800666A36 /* Model */ = {
			isa = PBXGroup;
			children = (
				144736562C403E0300081DE4 /* ProductModel.swift */,
			);
			path = Model;
			sourceTree = "<group>";
		};
		14CD56BB2C406D8300666A36 /* ViewModel */ = {
			isa = PBXGroup;
			children = (
				1447365A2C403E5600081DE4 /* ProductsViewModel.swift */,
			);
			path = ViewModel;
			sourceTree = "<group>";
		};
		14CD56BC2C406EF900666A36 /* View */ = {
			isa = PBXGroup;
			children = (
				1447365C2C403E6E00081DE4 /* ProductsListView.swift */,
				1447365E2C403E8E00081DE4 /* ProductCardView.swift */,
				144736602C403EBC00081DE4 /* ProductDetailView.swift */,
			);
			path = View;
			sourceTree = "<group>";
		};
/* End PBXGroup section */

/* Begin PBXNativeTarget section */
		144736442C403DE700081DE4 /* TechnicalTest */ = {
			isa = PBXNativeTarget;
			buildConfigurationList = 144736532C403DE900081DE4 /* Build configuration list for PBXNativeTarget "TechnicalTest" */;
			buildPhases = (
				144736412C403DE700081DE4 /* Sources */,
				144736422C403DE700081DE4 /* Frameworks */,
				144736432C403DE700081DE4 /* Resources */,
			);
			buildRules = (
			);
			dependencies = (
			);
			name = TechnicalTest;
			productName = TechnicalTest;
			productReference = 144736452C403DE700081DE4 /* TechnicalTest.app */;
			productType = "com.apple.product-type.application";
		};
/* End PBXNativeTarget section */

/* Begin PBXProject section */
		1447363D2C403DE700081DE4 /* Project object */ = {
			isa = PBXProject;
			attributes = {
				BuildIndependentTargetsInParallel = 1;
				LastSwiftUpdateCheck = 1530;
				LastUpgradeCheck = 1530;
				TargetAttributes = {
					144736442C403DE700081DE4 = {
						CreatedOnToolsVersion = 15.3;
					};
				};
			};
			buildConfigurationList = 144736402C403DE700081DE4 /* Build configuration list for PBXProject "TechnicalTest" */;
			compatibilityVersion = "Xcode 14.0";
			developmentRegion = en;
			hasScannedForEncodings = 0;
			knownRegions = (
				en,
				Base,
			);
			mainGroup = 1447363C2C403DE700081DE4;
			productRefGroup = 144736462C403DE700081DE4 /* Products */;
			projectDirPath = "";
			projectRoot = "";
			targets = (
				144736442C403DE700081DE4 /* TechnicalTest */,
			);
		};
/* End PBXProject section */

/* Begin PBXResourcesBuildPhase section */
		144736432C403DE700081DE4 /* Resources */ = {
			isa = PBXResourcesBuildPhase;
			buildActionMask = 2147483647;
			files = (
				144736502C403DE900081DE4 /* Preview Assets.xcassets in Resources */,
				1447364D2C403DE900081DE4 /* Assets.xcassets in Resources */,
			);
			runOnlyForDeploymentPostprocessing = 0;
		};
/* End PBXResourcesBuildPhase section */

/* Begin PBXSourcesBuildPhase section */
		144736412C403DE700081DE4 /* Sources */ = {
			isa = PBXSourcesBuildPhase;
			buildActionMask = 2147483647;
			files = (
				14374F162C4097140004C6EB /* CustomButtonStyle.swift in Sources */,
				1447364B2C403DE700081DE4 /* ContentView.swift in Sources */,
				144736612C403EBC00081DE4 /* ProductDetailView.swift in Sources */,
				144736572C403E0300081DE4 /* ProductModel.swift in Sources */,
				1447365D2C403E6E00081DE4 /* ProductsListView.swift in Sources */,
				144736592C403E3600081DE4 /* APIService.swift in Sources */,
				1447365B2C403E5600081DE4 /* ProductsViewModel.swift in Sources */,
				144736492C403DE700081DE4 /* TechnicalTestApp.swift in Sources */,
				1447365F2C403E8E00081DE4 /* ProductCardView.swift in Sources */,
			);
			runOnlyForDeploymentPostprocessing = 0;
		};
/* End PBXSourcesBuildPhase section */

/* Begin XCBuildConfiguration section */
		144736512C403DE900081DE4 /* Debug */ = {
			isa = XCBuildConfiguration;
			buildSettings = {
				ALWAYS_SEARCH_USER_PATHS = NO;
				ASSETCATALOG_COMPILER_GENERATE_SWIFT_ASSET_SYMBOL_EXTENSIONS = YES;
				CLANG_ANALYZER_NONNULL = YES;
				CLANG_ANALYZER_NUMBER_OBJECT_CONVERSION = YES_AGGRESSIVE;
				CLANG_CXX_LANGUAGE_STANDARD = "gnu++20";
				CLANG_ENABLE_MODULES = YES;
				CLANG_ENABLE_OBJC_ARC = YES;
				CLANG_ENABLE_OBJC_WEAK = YES;
				CLANG_WARN_BLOCK_CAPTURE_AUTORELEASING = YES;
				CLANG_WARN_BOOL_CONVERSION = YES;
				CLANG_WARN_COMMA = YES;
				CLANG_WARN_CONSTANT_CONVERSION = YES;
				CLANG_WARN_DEPRECATED_OBJC_IMPLEMENTATIONS = YES;
				CLANG_WARN_DIRECT_OBJC_ISA_USAGE = YES_ERROR;
				CLANG_WARN_DOCUMENTATION_COMMENTS = YES;
				CLANG_WARN_EMPTY_BODY = YES;
				CLANG_WARN_ENUM_CONVERSION = YES;
				CLANG_WARN_INFINITE_RECURSION = YES;
				CLANG_WARN_INT_CONVERSION = YES;
				CLANG_WARN_NON_LITERAL_NULL_CONVERSION = YES;
				CLANG_WARN_OBJC_IMPLICIT_RETAIN_SELF = YES;
				CLANG_WARN_OBJC_LITERAL_CONVERSION = YES;
				CLANG_WARN_OBJC_ROOT_CLASS = YES_ERROR;
				CLANG_WARN_QUOTED_INCLUDE_IN_FRAMEWORK_HEADER = YES;
				CLANG_WARN_RANGE_LOOP_ANALYSIS = YES;
				CLANG_WARN_STRICT_PROTOTYPES = YES;
				CLANG_WARN_SUSPICIOUS_MOVE = YES;
				CLANG_WARN_UNGUARDED_AVAILABILITY = YES_AGGRESSIVE;
				CLANG_WARN_UNREACHABLE_CODE = YES;
				CLANG_WARN__DUPLICATE_METHOD_MATCH = YES;
				COPY_PHASE_STRIP = NO;
				DEBUG_INFORMATION_FORMAT = dwarf;
				ENABLE_STRICT_OBJC_MSGSEND = YES;
				ENABLE_TESTABILITY = YES;
				ENABLE_USER_SCRIPT_SANDBOXING = YES;
				GCC_C_LANGUAGE_STANDARD = gnu17;
				GCC_DYNAMIC_NO_PIC = NO;
				GCC_NO_COMMON_BLOCKS = YES;
				GCC_OPTIMIZATION_LEVEL = 0;
				GCC_PREPROCESSOR_DEFINITIONS = (
					"DEBUG=1",
					"$(inherited)",
				);
				GCC_WARN_64_TO_32_BIT_CONVERSION = YES;
				GCC_WARN_ABOUT_RETURN_TYPE = YES_ERROR;
				GCC_WARN_UNDECLARED_SELECTOR = YES;
				GCC_WARN_UNINITIALIZED_AUTOS = YES_AGGRESSIVE;
				GCC_WARN_UNUSED_FUNCTION = YES;
				GCC_WARN_UNUSED_VARIABLE = YES;
				IPHONEOS_DEPLOYMENT_TARGET = 17.4;
				LOCALIZATION_PREFERS_STRING_CATALOGS = YES;
				MTL_ENABLE_DEBUG_INFO = INCLUDE_SOURCE;
				MTL_FAST_MATH = YES;
				ONLY_ACTIVE_ARCH = YES;
				SDKROOT = iphoneos;
				SWIFT_ACTIVE_COMPILATION_CONDITIONS = "DEBUG $(inherited)";
				SWIFT_OPTIMIZATION_LEVEL = "-Onone";
			};
			name = Debug;
		};
		144736522C403DE900081DE4 /* Release */ = {
			isa = XCBuildConfiguration;
			buildSettings = {
				ALWAYS_SEARCH_USER_PATHS = NO;
				ASSETCATALOG_COMPILER_GENERATE_SWIFT_ASSET_SYMBOL_EXTENSIONS = YES;
				CLANG_ANALYZER_NONNULL = YES;
				CLANG_ANALYZER_NUMBER_OBJECT_CONVERSION = YES_AGGRESSIVE;
				CLANG_CXX_LANGUAGE_STANDARD = "gnu++20";
				CLANG_ENABLE_MODULES = YES;
				CLANG_ENABLE_OBJC_ARC = YES;
				CLANG_ENABLE_OBJC_WEAK = YES;
				CLANG_WARN_BLOCK_CAPTURE_AUTORELEASING = YES;
				CLANG_WARN_BOOL_CONVERSION = YES;
				CLANG_WARN_COMMA = YES;
				CLANG_WARN_CONSTANT_CONVERSION = YES;
				CLANG_WARN_DEPRECATED_OBJC_IMPLEMENTATIONS = YES;
				CLANG_WARN_DIRECT_OBJC_ISA_USAGE = YES_ERROR;
				CLANG_WARN_DOCUMENTATION_COMMENTS = YES;
				CLANG_WARN_EMPTY_BODY = YES;
				CLANG_WARN_ENUM_CONVERSION = YES;
				CLANG_WARN_INFINITE_RECURSION = YES;
				CLANG_WARN_INT_CONVERSION = YES;
				CLANG_WARN_NON_LITERAL_NULL_CONVERSION = YES;
				CLANG_WARN_OBJC_IMPLICIT_RETAIN_SELF = YES;
				CLANG_WARN_OBJC_LITERAL_CONVERSION = YES;
				CLANG_WARN_OBJC_ROOT_CLASS = YES_ERROR;
				CLANG_WARN_QUOTED_INCLUDE_IN_FRAMEWORK_HEADER = YES;
				CLANG_WARN_RANGE_LOOP_ANALYSIS = YES;
				CLANG_WARN_STRICT_PROTOTYPES = YES;
				CLANG_WARN_SUSPICIOUS_MOVE = YES;
				CLANG_WARN_UNGUARDED_AVAILABILITY = YES_AGGRESSIVE;
				CLANG_WARN_UNREACHABLE_CODE = YES;
				CLANG_WARN__DUPLICATE_METHOD_MATCH = YES;
				COPY_PHASE_STRIP = NO;
				DEBUG_INFORMATION_FORMAT = "dwarf-with-dsym";
				ENABLE_NS_ASSERTIONS = NO;
				ENABLE_STRICT_OBJC_MSGSEND = YES;
				ENABLE_USER_SCRIPT_SANDBOXING = YES;
				GCC_C_LANGUAGE_STANDARD = gnu17;
				GCC_NO_COMMON_BLOCKS = YES;
				GCC_WARN_64_TO_32_BIT_CONVERSION = YES;
				GCC_WARN_ABOUT_RETURN_TYPE = YES_ERROR;
				GCC_WARN_UNDECLARED_SELECTOR = YES;
				GCC_WARN_UNINITIALIZED_AUTOS = YES_AGGRESSIVE;
				GCC_WARN_UNUSED_FUNCTION = YES;
				GCC_WARN_UNUSED_VARIABLE = YES;
				IPHONEOS_DEPLOYMENT_TARGET = 17.4;
				LOCALIZATION_PREFERS_STRING_CATALOGS = YES;
				MTL_ENABLE_DEBUG_INFO = NO;
				MTL_FAST_MATH = YES;
				SDKROOT = iphoneos;
				SWIFT_COMPILATION_MODE = wholemodule;
				VALIDATE_PRODUCT = YES;
			};
			name = Release;
		};
		144736542C403DE900081DE4 /* Debug */ = {
			isa = XCBuildConfiguration;
			buildSettings = {
				ASSETCATALOG_COMPILER_APPICON_NAME = AppIcon;
				ASSETCATALOG_COMPILER_GLOBAL_ACCENT_COLOR_NAME = AccentColor;
				CODE_SIGN_STYLE = Automatic;
				CURRENT_PROJECT_VERSION = 1;
				DEVELOPMENT_ASSET_PATHS = "\"TechnicalTest/Preview Content\"";
				DEVELOPMENT_TEAM = G73CAY4KG8;
				ENABLE_PREVIEWS = YES;
				GENERATE_INFOPLIST_FILE = YES;
				INFOPLIST_FILE = TechnicalTest/Info.plist;
				INFOPLIST_KEY_UIApplicationSceneManifest_Generation = YES;
				INFOPLIST_KEY_UIApplicationSupportsIndirectInputEvents = YES;
				INFOPLIST_KEY_UILaunchScreen_Generation = YES;
				INFOPLIST_KEY_UISupportedInterfaceOrientations_iPad = "UIInterfaceOrientationPortrait UIInterfaceOrientationPortraitUpsideDown UIInterfaceOrientationLandscapeLeft UIInterfaceOrientationLandscapeRight";
				INFOPLIST_KEY_UISupportedInterfaceOrientations_iPhone = "UIInterfaceOrientationPortrait UIInterfaceOrientationLandscapeLeft UIInterfaceOrientationLandscapeRight";
				LD_RUNPATH_SEARCH_PATHS = (
					"$(inherited)",
					"@executable_path/Frameworks",
				);
				MARKETING_VERSION = 1.0;
				PRODUCT_BUNDLE_IDENTIFIER = test.TechnicalTest;
				PRODUCT_NAME = "$(TARGET_NAME)";
				SWIFT_EMIT_LOC_STRINGS = YES;
				SWIFT_VERSION = 5.0;
				TARGETED_DEVICE_FAMILY = "1,2";
			};
			name = Debug;
		};
		144736552C403DE900081DE4 /* Release */ = {
			isa = XCBuildConfiguration;
			buildSettings = {
				ASSETCATALOG_COMPILER_APPICON_NAME = AppIcon;
				ASSETCATALOG_COMPILER_GLOBAL_ACCENT_COLOR_NAME = AccentColor;
				CODE_SIGN_STYLE = Automatic;
				CURRENT_PROJECT_VERSION = 1;
				DEVELOPMENT_ASSET_PATHS = "\"TechnicalTest/Preview Content\"";
				DEVELOPMENT_TEAM = G73CAY4KG8;
				ENABLE_PREVIEWS = YES;
				GENERATE_INFOPLIST_FILE = YES;
				INFOPLIST_FILE = TechnicalTest/Info.plist;
				INFOPLIST_KEY_UIApplicationSceneManifest_Generation = YES;
				INFOPLIST_KEY_UIApplicationSupportsIndirectInputEvents = YES;
				INFOPLIST_KEY_UILaunchScreen_Generation = YES;
				INFOPLIST_KEY_UISupportedInterfaceOrientations_iPad = "UIInterfaceOrientationPortrait UIInterfaceOrientationPortraitUpsideDown UIInterfaceOrientationLandscapeLeft UIInterfaceOrientationLandscapeRight";
				INFOPLIST_KEY_UISupportedInterfaceOrientations_iPhone = "UIInterfaceOrientationPortrait UIInterfaceOrientationLandscapeLeft UIInterfaceOrientationLandscapeRight";
				LD_RUNPATH_SEARCH_PATHS = (
					"$(inherited)",
					"@executable_path/Frameworks",
				);
				MARKETING_VERSION = 1.0;
				PRODUCT_BUNDLE_IDENTIFIER = test.TechnicalTest;
				PRODUCT_NAME = "$(TARGET_NAME)";
				SWIFT_EMIT_LOC_STRINGS = YES;
				SWIFT_VERSION = 5.0;
				TARGETED_DEVICE_FAMILY = "1,2";
			};
			name = Release;
		};
/* End XCBuildConfiguration section */

/* Begin XCConfigurationList section */
		144736402C403DE700081DE4 /* Build configuration list for PBXProject "TechnicalTest" */ = {
			isa = XCConfigurationList;
			buildConfigurations = (
				144736512C403DE900081DE4 /* Debug */,
				144736522C403DE900081DE4 /* Release */,
			);
			defaultConfigurationIsVisible = 0;
			defaultConfigurationName = Release;
		};
		144736532C403DE900081DE4 /* Build configuration list for PBXNativeTarget "TechnicalTest" */ = {
			isa = XCConfigurationList;
			buildConfigurations = (
				144736542C403DE900081DE4 /* Debug */,
				144736552C403DE900081DE4 /* Release */,
			);
			defaultConfigurationIsVisible = 0;
			defaultConfigurationName = Release;
		};
/* End XCConfigurationList section */
	};
	rootObject = 1447363D2C403DE700081DE4 /* Project object */;
}
